
Microsoft Visual Studio Solution File, Format Version 12.00
# Visual Studio 15
VisualStudioVersion = 15.0.27004.2010
MinimumVisualStudioVersion = 10.0.40219.1
Project("{FAE04EC0-301F-11D3-BF4B-00C04F79EFBC}") = "ex1", "ex1\ex1.csproj", "{08032784-96FF-47F5-B9AC-B9D9588844BA}"
EndProject
Project("{FAE04EC0-301F-11D3-BF4B-00C04F79EFBC}") = "ex2", "ex2\ex2.csproj", "{C311626C-D54C-458F-B0FF-DFE9DC11AE79}"
EndProject
Project("{FAE04EC0-301F-11D3-BF4B-00C04F79EFBC}") = "ex3", "ex3\ex3.csproj", "{9BADB15F-F6B3-4208-B657-3091756DCCF3}"
EndProject
Project("{FAE04EC0-301F-11D3-BF4B-00C04F79EFBC}") = "ex4", "ex4\ex4.csproj", "{FC106BD3-AC06-4E20-A4EF-8F34AF750A79}"
EndProject
Project("{FAE04EC0-301F-11D3-BF4B-00C04F79EFBC}") = "ex5", "ex5\ex5.csproj", "{D615B4CA-54E2-465C-AF1A-0D6680032893}"
EndProject
Project("{FAE04EC0-301F-11D3-BF4B-00C04F79EFBC}") = "ex6", "ex6\ex6.csproj", "{CBB044E2-AAA7-48CF-82FC-3381078415EF}"
EndProject
Project("{FAE04EC0-301F-11D3-BF4B-00C04F79EFBC}") = "ex7", "ex7\ex7.csproj", "{CA363043-1BEA-466A-80C3-CC098AD319CE}"
EndProject
Project("{FAE04EC0-301F-11D3-BF4B-00C04F79EFBC}") = "ex10", "ex10\ex10.csproj", "{9B899522-2CE6-46D3-A454-EC890CDF086B}"
EndProject
Project("{FAE04EC0-301F-11D3-BF4B-00C04F79EFBC}") = "ex8", "ex8\ex8.csproj", "{1A1102B3-9AEB-4C95-B780-5B00AD6461AA}"
EndProject
Project("{FAE04EC0-301F-11D3-BF4B-00C04F79EFBC}") = "ex9", "ex9\ex9.csproj", "{A45B6FF3-A400-4F97-9DF3-6B08B8FE0EDB}"
EndProject
Global
	GlobalSection(SolutionConfigurationPlatforms) = preSolution
		Debug|Any CPU = Debug|Any CPU
		Release|Any CPU = Release|Any CPU
	EndGlobalSection
	GlobalSection(ProjectConfigurationPlatforms) = postSolution
		{08032784-96FF-47F5-B9AC-B9D9588844BA}.Debug|Any CPU.ActiveCfg = Debug|Any CPU
		{08032784-96FF-47F5-B9AC-B9D9588844BA}.Debug|Any CPU.Build.0 = Debug|Any CPU
		{08032784-96FF-47F5-B9AC-B9D9588844BA}.Release|Any CPU.ActiveCfg = Release|Any CPU
		{08032784-96FF-47F5-B9AC-B9D9588844BA}.Release|Any CPU.Build.0 = Release|Any CPU
		{C311626C-D54C-458F-B0FF-DFE9DC11AE79}.Debug|Any CPU.ActiveCfg = Debug|Any CPU
		{C311626C-D54C-458F-B0FF-DFE9DC11AE79}.Debug|Any CPU.Build.0 = Debug|Any CPU
		{C311626C-D54C-458F-B0FF-DFE9DC11AE79}.Release|Any CPU.ActiveCfg = Release|Any CPU
		{C311626C-D54C-458F-B0FF-DFE9DC11AE79}.Release|Any CPU.Build.0 = Release|Any CPU
		{9BADB15F-F6B3-4208-B657-3091756DCCF3}.Debug|Any CPU.ActiveCfg = Debug|Any CPU
		{9BADB15F-F6B3-4208-B657-3091756DCCF3}.Debug|Any CPU.Build.0 = Debug|Any CPU
		{9BADB15F-F6B3-4208-B657-3091756DCCF3}.Release|Any CPU.ActiveCfg = Release|Any CPU
		{9BADB15F-F6B3-4208-B657-3091756DCCF3}.Release|Any CPU.Build.0 = Release|Any CPU
		{FC106BD3-AC06-4E20-A4EF-8F34AF750A79}.Debug|Any CPU.ActiveCfg = Debug|Any CPU
		{FC106BD3-AC06-4E20-A4EF-8F34AF750A79}.Debug|Any CPU.Build.0 = Debug|Any CPU
		{FC106BD3-AC06-4E20-A4EF-8F34AF750A79}.Release|Any CPU.ActiveCfg = Release|Any CPU
		{FC106BD3-AC06-4E20-A4EF-8F34AF750A79}.Release|Any CPU.Build.0 = Release|Any CPU
		{D615B4CA-54E2-465C-AF1A-0D6680032893}.Debug|Any CPU.ActiveCfg = Debug|Any CPU
		{D615B4CA-54E2-465C-AF1A-0D6680032893}.Debug|Any CPU.Build.0 = Debug|Any CPU
		{D615B4CA-54E2-465C-AF1A-0D6680032893}.Release|Any CPU.ActiveCfg = Release|Any CPU
		{D615B4CA-54E2-465C-AF1A-0D6680032893}.Release|Any CPU.Build.0 = Release|Any CPU
		{CBB044E2-AAA7-48CF-82FC-3381078415EF}.Debug|Any CPU.ActiveCfg = Debug|Any CPU
		{CBB044E2-AAA7-48CF-82FC-3381078415EF}.Debug|Any CPU.Build.0 = Debug|Any CPU
		{CBB044E2-AAA7-48CF-82FC-3381078415EF}.Release|Any CPU.ActiveCfg = Release|Any CPU
		{CBB044E2-AAA7-48CF-82FC-3381078415EF}.Release|Any CPU.Build.0 = Release|Any CPU
		{CA363043-1BEA-466A-80C3-CC098AD319CE}.Debug|Any CPU.ActiveCfg = Debug|Any CPU
		{CA363043-1BEA-466A-80C3-CC098AD319CE}.Debug|Any CPU.Build.0 = Debug|Any CPU
		{CA363043-1BEA-466A-80C3-CC098AD319CE}.Release|Any CPU.ActiveCfg = Release|Any CPU
		{CA363043-1BEA-466A-80C3-CC098AD319CE}.Release|Any CPU.Build.0 = Release|Any CPU
		{9B899522-2CE6-46D3-A454-EC890CDF086B}.Debug|Any CPU.ActiveCfg = Debug|Any CPU
		{9B899522-2CE6-46D3-A454-EC890CDF086B}.Debug|Any CPU.Build.0 = Debug|Any CPU
		{9B899522-2CE6-46D3-A454-EC890CDF086B}.Release|Any CPU.ActiveCfg = Release|Any CPU
		{9B899522-2CE6-46D3-A454-EC890CDF086B}.Release|Any CPU.Build.0 = Release|Any CPU
		{1A1102B3-9AEB-4C95-B780-5B00AD6461AA}.Debug|Any CPU.ActiveCfg = Debug|Any CPU
		{1A1102B3-9AEB-4C95-B780-5B00AD6461AA}.Debug|Any CPU.Build.0 = Debug|Any CPU
		{1A1102B3-9AEB-4C95-B780-5B00AD6461AA}.Release|Any CPU.ActiveCfg = Release|Any CPU
		{1A1102B3-9AEB-4C95-B780-5B00AD6461AA}.Release|Any CPU.Build.0 = Release|Any CPU
		{A45B6FF3-A400-4F97-9DF3-6B08B8FE0EDB}.Debug|Any CPU.ActiveCfg = Debug|Any CPU
		{A45B6FF3-A400-4F97-9DF3-6B08B8FE0EDB}.Debug|Any CPU.Build.0 = Debug|Any CPU
		{A45B6FF3-A400-4F97-9DF3-6B08B8FE0EDB}.Release|Any CPU.ActiveCfg = Release|Any CPU
		{A45B6FF3-A400-4F97-9DF3-6B08B8FE0EDB}.Release|Any CPU.Build.0 = Release|Any CPU
	EndGlobalSection
	GlobalSection(SolutionProperties) = preSolution
		HideSolutionNode = FALSE
	EndGlobalSection
	GlobalSection(ExtensibilityGlobals) = postSolution
		SolutionGuid = {1648AE86-AA7E-4D61-94B2-1D1126ACF78D}
	EndGlobalSection
EndGlobal
